
Microsoft Visual Studio Solution File, Format Version 12.00
# Visual Studio Version 17
VisualStudioVersion = 17.9.34728.123
MinimumVisualStudioVersion = 10.0.40219.1
Project("{9A19103F-16F7-4668-BE54-9A1E7A4F7556}") = "Chapter 13 - Best Practices for Minimal API Development", "Chapter 13 - Best Practices for Minimal API Development.csproj", "{8AB3952F-D62E-4940-BC7C-ADA6F68A8038}"
EndProject
Global
	GlobalSection(SolutionConfigurationPlatforms) = preSolution
		Debug|Any CPU = Debug|Any CPU
		Release|Any CPU = Release|Any CPU
	EndGlobalSection
	GlobalSection(ProjectConfigurationPlatforms) = postSolution
		{8AB3952F-D62E-4940-BC7C-ADA6F68A8038}.Debug|Any CPU.ActiveCfg = Debug|Any CPU
		{8AB3952F-D62E-4940-BC7C-ADA6F68A8038}.Debug|Any CPU.Build.0 = Debug|Any CPU
		{8AB3952F-D62E-4940-BC7C-ADA6F68A8038}.Release|Any CPU.ActiveCfg = Release|Any CPU
		{8AB3952F-D62E-4940-BC7C-ADA6F68A8038}.Release|Any CPU.Build.0 = Release|Any CPU
	EndGlobalSection
	GlobalSection(SolutionProperties) = preSolution
		HideSolutionNode = FALSE
	EndGlobalSection
	GlobalSection(ExtensibilityGlobals) = postSolution
		SolutionGuid = {29C33AF2-36C6-4D7B-8F1A-F3CE55E608D9}
	EndGlobalSection
EndGlobal
