
Microsoft Visual Studio Solution File, Format Version 12.00
# Visual Studio Version 17
VisualStudioVersion = 17.11.35103.136
MinimumVisualStudioVersion = 10.0.40219.1
Project("{FAE04EC0-301F-11D3-BF4B-00C04F79EFBC}") = "Chapter 8 - Integrating Minimal APIs with Data Sources", "Chapter 8 - Integrating Minimal APIs with Data Sources\Chapter 8 - Integrating Minimal APIs with Data Sources.csproj", "{646CCC71-75A3-4003-934C-6349E998111E}"
EndProject
Global
	GlobalSection(SolutionConfigurationPlatforms) = preSolution
		Debug|Any CPU = Debug|Any CPU
		Release|Any CPU = Release|Any CPU
	EndGlobalSection
	GlobalSection(ProjectConfigurationPlatforms) = postSolution
		{646CCC71-75A3-4003-934C-6349E998111E}.Debug|Any CPU.ActiveCfg = Debug|Any CPU
		{646CCC71-75A3-4003-934C-6349E998111E}.Debug|Any CPU.Build.0 = Debug|Any CPU
		{646CCC71-75A3-4003-934C-6349E998111E}.Release|Any CPU.ActiveCfg = Release|Any CPU
		{646CCC71-75A3-4003-934C-6349E998111E}.Release|Any CPU.Build.0 = Release|Any CPU
	EndGlobalSection
	GlobalSection(SolutionProperties) = preSolution
		HideSolutionNode = FALSE
	EndGlobalSection
	GlobalSection(ExtensibilityGlobals) = postSolution
		SolutionGuid = {F4D6DD46-832A-4FDD-A795-CF032F5BCD25}
	EndGlobalSection
EndGlobal
