
Microsoft Visual Studio Solution File, Format Version 12.00
# Visual Studio Version 17
VisualStudioVersion = 17.11.35103.136
MinimumVisualStudioVersion = 10.0.40219.1
Project("{FAE04EC0-301F-11D3-BF4B-00C04F79EFBC}") = "Chapter 11 - Asynchronous Programming", "Chapter 11 - Asynchronous Programming\Chapter 11 - Asynchronous Programming.csproj", "{6DCDD303-2452-4D8A-987E-BA06BB6C09D7}"
EndProject
Global
	GlobalSection(SolutionConfigurationPlatforms) = preSolution
		Debug|Any CPU = Debug|Any CPU
		Release|Any CPU = Release|Any CPU
	EndGlobalSection
	GlobalSection(ProjectConfigurationPlatforms) = postSolution
		{6DCDD303-2452-4D8A-987E-BA06BB6C09D7}.Debug|Any CPU.ActiveCfg = Debug|Any CPU
		{6DCDD303-2452-4D8A-987E-BA06BB6C09D7}.Debug|Any CPU.Build.0 = Debug|Any CPU
		{6DCDD303-2452-4D8A-987E-BA06BB6C09D7}.Release|Any CPU.ActiveCfg = Release|Any CPU
		{6DCDD303-2452-4D8A-987E-BA06BB6C09D7}.Release|Any CPU.Build.0 = Release|Any CPU
	EndGlobalSection
	GlobalSection(SolutionProperties) = preSolution
		HideSolutionNode = FALSE
	EndGlobalSection
	GlobalSection(ExtensibilityGlobals) = postSolution
		SolutionGuid = {B81DA6B6-9588-4400-B545-EDB4D435BF3A}
	EndGlobalSection
EndGlobal
